
Microsoft Visual Studio Solution File, Format Version 12.00
# Visual Studio 15
VisualStudioVersion = 15.0.27130.2024
MinimumVisualStudioVersion = 10.0.40219.1
Project("{8BC9CEB8-8B4A-11D0-8D11-00A0C91BC942}") = "NatalieEpp", "NatalieEpp\NatalieEpp.vcxproj", "{A9E364A5-ECAA-47A9-BAD1-11769F723B91}"
EndProject
Global
	GlobalSection(SolutionConfigurationPlatforms) = preSolution
		Debug|x64 = Debug|x64
		Debug|x86 = Debug|x86
		Release|x64 = Release|x64
		Release|x86 = Release|x86
	EndGlobalSection
	GlobalSection(ProjectConfigurationPlatforms) = postSolution
		{A9E364A5-ECAA-47A9-BAD1-11769F723B91}.Debug|x64.ActiveCfg = Debug|x64
		{A9E364A5-ECAA-47A9-BAD1-11769F723B91}.Debug|x64.Build.0 = Debug|x64
		{A9E364A5-ECAA-47A9-BAD1-11769F723B91}.Debug|x86.ActiveCfg = Debug|Win32
		{A9E364A5-ECAA-47A9-BAD1-11769F723B91}.Debug|x86.Build.0 = Debug|Win32
		{A9E364A5-ECAA-47A9-BAD1-11769F723B91}.Release|x64.ActiveCfg = Release|x64
		{A9E364A5-ECAA-47A9-BAD1-11769F723B91}.Release|x64.Build.0 = Release|x64
		{A9E364A5-ECAA-47A9-BAD1-11769F723B91}.Release|x86.ActiveCfg = Release|Win32
		{A9E364A5-ECAA-47A9-BAD1-11769F723B91}.Release|x86.Build.0 = Release|Win32
	EndGlobalSection
	GlobalSection(SolutionProperties) = preSolution
		HideSolutionNode = FALSE
	EndGlobalSection
	GlobalSection(ExtensibilityGlobals) = postSolution
		SolutionGuid = {8EBFFD09-A906-45B0-A44F-83E2D5C92A9E}
	EndGlobalSection
EndGlobal
