
Microsoft Visual Studio Solution File, Format Version 12.00
# Visual Studio 15
VisualStudioVersion = 15.0.27130.2024
MinimumVisualStudioVersion = 10.0.40219.1
Project("{8BC9CEB8-8B4A-11D0-8D11-00A0C91BC942}") = "Recursion_Natalie", "Recursion_Natalie\Recursion_Natalie.vcxproj", "{5DC1C77D-F80D-4F2F-B8D0-93ED54D2BA0D}"
EndProject
Global
	GlobalSection(SolutionConfigurationPlatforms) = preSolution
		Debug|x64 = Debug|x64
		Debug|x86 = Debug|x86
		Release|x64 = Release|x64
		Release|x86 = Release|x86
	EndGlobalSection
	GlobalSection(ProjectConfigurationPlatforms) = postSolution
		{5DC1C77D-F80D-4F2F-B8D0-93ED54D2BA0D}.Debug|x64.ActiveCfg = Debug|x64
		{5DC1C77D-F80D-4F2F-B8D0-93ED54D2BA0D}.Debug|x64.Build.0 = Debug|x64
		{5DC1C77D-F80D-4F2F-B8D0-93ED54D2BA0D}.Debug|x86.ActiveCfg = Debug|Win32
		{5DC1C77D-F80D-4F2F-B8D0-93ED54D2BA0D}.Debug|x86.Build.0 = Debug|Win32
		{5DC1C77D-F80D-4F2F-B8D0-93ED54D2BA0D}.Release|x64.ActiveCfg = Release|x64
		{5DC1C77D-F80D-4F2F-B8D0-93ED54D2BA0D}.Release|x64.Build.0 = Release|x64
		{5DC1C77D-F80D-4F2F-B8D0-93ED54D2BA0D}.Release|x86.ActiveCfg = Release|Win32
		{5DC1C77D-F80D-4F2F-B8D0-93ED54D2BA0D}.Release|x86.Build.0 = Release|Win32
	EndGlobalSection
	GlobalSection(SolutionProperties) = preSolution
		HideSolutionNode = FALSE
	EndGlobalSection
	GlobalSection(ExtensibilityGlobals) = postSolution
		SolutionGuid = {10CBC951-8102-4892-93D9-B6F028EE441A}
	EndGlobalSection
EndGlobal
